
Microsoft Visual Studio Solution File, Format Version 12.00
# Visual Studio Version 17
VisualStudioVersion = 17.13.35825.156 d17.13
MinimumVisualStudioVersion = 10.0.40219.1
Project("{FAE04EC0-301F-11D3-BF4B-00C04F79EFBC}") = "oplaba4", "oplaba4\oplaba4.csproj", "{B4CE25A5-3BAE-40B5-946E-E477B8E07644}"
EndProject
Global
	GlobalSection(SolutionConfigurationPlatforms) = preSolution
		Debug|Any CPU = Debug|Any CPU
		Release|Any CPU = Release|Any CPU
	EndGlobalSection
	GlobalSection(ProjectConfigurationPlatforms) = postSolution
		{B4CE25A5-3BAE-40B5-946E-E477B8E07644}.Debug|Any CPU.ActiveCfg = Debug|Any CPU
		{B4CE25A5-3BAE-40B5-946E-E477B8E07644}.Debug|Any CPU.Build.0 = Debug|Any CPU
		{B4CE25A5-3BAE-40B5-946E-E477B8E07644}.Release|Any CPU.ActiveCfg = Release|Any CPU
		{B4CE25A5-3BAE-40B5-946E-E477B8E07644}.Release|Any CPU.Build.0 = Release|Any CPU
	EndGlobalSection
	GlobalSection(SolutionProperties) = preSolution
		HideSolutionNode = FALSE
	EndGlobalSection
	GlobalSection(ExtensibilityGlobals) = postSolution
		SolutionGuid = {7F29907E-B56A-4D81-BE3E-8B49E76CB4DB}
	EndGlobalSection
EndGlobal
